// !$*UTF8*$!
{
	archiveVersion = 1;
	classes = {
	};
	objectVersion = 46;
	objects = {

/* Begin PBXBuildFile section */
		C3F3FEB8161A528400795628 /* main.cpp in Sources */ = {isa = PBXBuildFile; fileRef = C3F3FEB7161A528400795628 /* main.cpp */; };
		C3F3FEBA161A528400795628 /* Data.1 in CopyFiles */ = {isa = PBXBuildFile; fileRef = C3F3FEB9161A528400795628 /* Data.1 */; };
/* End PBXBuildFile section */

/* Begin PBXCopyFilesBuildPhase section */
		C3F3FEB1161A528400795628 /* CopyFiles */ = {
			isa = PBXCopyFilesBuildPhase;
			buildActionMask = 2147483647;
			dstPath = /usr/share/man/man1/;
			dstSubfolderSpec = 0;
			files = (
				C3F3FEBA161A528400795628 /* Data.1 in CopyFiles */,
			);
			runOnlyForDeploymentPostprocessing = 1;
		};
/* End PBXCopyFilesBuildPhase section */

/* Begin PBXFileReference section */
		C3F3FEB3161A528400795628 /* Data */ = {isa = PBXFileReference; explicitFileType = "compiled.mach-o.executable"; includeInIndex = 0; path = Data; sourceTree = BUILT_PRODUCTS_DIR; };
		C3F3FEB7161A528400795628 /* main.cpp */ = {isa = PBXFileReference; lastKnownFileType = sourcecode.cpp.cpp; path = main.cpp; sourceTree = "<group>"; };
		C3F3FEB9161A528400795628 /* Data.1 */ = {isa = PBXFileReference; lastKnownFileType = text.man; path = Data.1; sourceTree = "<group>"; };
/* End PBXFileReference section */

/* Begin PBXFrameworksBuildPhase section */
		C3F3FEB0161A528400795628 /* Frameworks */ = {
			isa = PBXFrameworksBuildPhase;
			buildActionMask = 2147483647;
			files = (
			);
			runOnlyForDeploymentPostprocessing = 0;
		};
/* End PBXFrameworksBuildPhase section */

/* Begin PBXGroup section */
		C3F3FEA8161A528400795628 = {
			isa = PBXGroup;
			children = (
				C3F3FEB6161A528400795628 /* Data */,
				C3F3FEB4161A528400795628 /* Products */,
			);
			sourceTree = "<group>";
		};
		C3F3FEB4161A528400795628 /* Products */ = {
			isa = PBXGroup;
			children = (
				C3F3FEB3161A528400795628 /* Data */,
			);
			name = Products;
			sourceTree = "<group>";
		};
		C3F3FEB6161A528400795628 /* Data */ = {
			isa = PBXGroup;
			children = (
				C3F3FEB7161A528400795628 /* main.cpp */,
				C3F3FEB9161A528400795628 /* Data.1 */,
			);
			path = Data;
			sourceTree = "<group>";
		};
/* End PBXGroup section */

/* Begin PBXNativeTarget section */
		C3F3FEB2161A528400795628 /* Data */ = {
			isa = PBXNativeTarget;
			buildConfigurationList = C3F3FEBD161A528400795628 /* Build configuration list for PBXNativeTarget "Data" */;
			buildPhases = (
				C3F3FEAF161A528400795628 /* Sources */,
				C3F3FEB0161A528400795628 /* Frameworks */,
				C3F3FEB1161A528400795628 /* CopyFiles */,
			);
			buildRules = (
			);
			dependencies = (
			);
			name = Data;
			productName = Data;
			productReference = C3F3FEB3161A528400795628 /* Data */;
			productType = "com.apple.product-type.tool";
		};
/* End PBXNativeTarget section */

/* Begin PBXProject section */
		C3F3FEAA161A528400795628 /* Project object */ = {
			isa = PBXProject;
			attributes = {
				LastUpgradeCheck = 0450;
				ORGANIZATIONNAME = "Kocsis Olivér";
			};
			buildConfigurationList = C3F3FEAD161A528400795628 /* Build configuration list for PBXProject "Data" */;
			compatibilityVersion = "Xcode 3.2";
			developmentRegion = English;
			hasScannedForEncodings = 0;
			knownRegions = (
				en,
			);
			mainGroup = C3F3FEA8161A528400795628;
			productRefGroup = C3F3FEB4161A528400795628 /* Products */;
			projectDirPath = "";
			projectRoot = "";
			targets = (
				C3F3FEB2161A528400795628 /* Data */,
			);
		};
/* End PBXProject section */

/* Begin PBXSourcesBuildPhase section */
		C3F3FEAF161A528400795628 /* Sources */ = {
			isa = PBXSourcesBuildPhase;
			buildActionMask = 2147483647;
			files = (
				C3F3FEB8161A528400795628 /* main.cpp in Sources */,
			);
			runOnlyForDeploymentPostprocessing = 0;
		};
/* End PBXSourcesBuildPhase section */

/* Begin XCBuildConfiguration section */
		C3F3FEBB161A528400795628 /* Debug */ = {
			isa = XCBuildConfiguration;
			buildSettings = {
				ALWAYS_SEARCH_USER_PATHS = NO;
				ARCHS = "$(ARCHS_STANDARD_64_BIT)";
				CLANG_CXX_LANGUAGE_STANDARD = "gnu++0x";
				CLANG_CXX_LIBRARY = "libc++";
				CLANG_WARN_EMPTY_BODY = YES;
				CLANG_WARN__DUPLICATE_METHOD_MATCH = YES;
				COPY_PHASE_STRIP = NO;
				GCC_C_LANGUAGE_STANDARD = gnu99;
				GCC_DYNAMIC_NO_PIC = NO;
				GCC_ENABLE_OBJC_EXCEPTIONS = YES;
				GCC_OPTIMIZATION_LEVEL = 0;
				GCC_PREPROCESSOR_DEFINITIONS = (
					"DEBUG=1",
					"$(inherited)",
				);
				GCC_SYMBOLS_PRIVATE_EXTERN = NO;
				GCC_WARN_64_TO_32_BIT_CONVERSION = YES;
				GCC_WARN_ABOUT_RETURN_TYPE = YES;
				GCC_WARN_UNINITIALIZED_AUTOS = YES;
				GCC_WARN_UNUSED_VARIABLE = YES;
				MACOSX_DEPLOYMENT_TARGET = 10.8;
				ONLY_ACTIVE_ARCH = YES;
				SDKROOT = macosx;
			};
			name = Debug;
		};
		C3F3FEBC161A528400795628 /* Release */ = {
			isa = XCBuildConfiguration;
			buildSettings = {
				ALWAYS_SEARCH_USER_PATHS = NO;
				ARCHS = "$(ARCHS_STANDARD_64_BIT)";
				CLANG_CXX_LANGUAGE_STANDARD = "gnu++0x";
				CLANG_CXX_LIBRARY = "libc++";
				CLANG_WARN_EMPTY_BODY = YES;
				CLANG_WARN__DUPLICATE_METHOD_MATCH = YES;
				COPY_PHASE_STRIP = YES;
				DEBUG_INFORMATION_FORMAT = "dwarf-with-dsym";
				GCC_C_LANGUAGE_STANDARD = gnu99;
				GCC_ENABLE_OBJC_EXCEPTIONS = YES;
				GCC_WARN_64_TO_32_BIT_CONVERSION = YES;
				GCC_WARN_ABOUT_RETURN_TYPE = YES;
				GCC_WARN_UNINITIALIZED_AUTOS = YES;
				GCC_WARN_UNUSED_VARIABLE = YES;
				MACOSX_DEPLOYMENT_TARGET = 10.8;
				SDKROOT = macosx;
			};
			name = Release;
		};
		C3F3FEBE161A528400795628 /* Debug */ = {
			isa = XCBuildConfiguration;
			buildSettings = {
				PRODUCT_NAME = "$(TARGET_NAME)";
			};
			name = Debug;
		};
		C3F3FEBF161A528400795628 /* Release */ = {
			isa = XCBuildConfiguration;
			buildSettings = {
				PRODUCT_NAME = "$(TARGET_NAME)";
			};
			name = Release;
		};
/* End XCBuildConfiguration section */

/* Begin XCConfigurationList section */
		C3F3FEAD161A528400795628 /* Build configuration list for PBXProject "Data" */ = {
			isa = XCConfigurationList;
			buildConfigurations = (
				C3F3FEBB161A528400795628 /* Debug */,
				C3F3FEBC161A528400795628 /* Release */,
			);
			defaultConfigurationIsVisible = 0;
			defaultConfigurationName = Release;
		};
		C3F3FEBD161A528400795628 /* Build configuration list for PBXNativeTarget "Data" */ = {
			isa = XCConfigurationList;
			buildConfigurations = (
				C3F3FEBE161A528400795628 /* Debug */,
				C3F3FEBF161A528400795628 /* Release */,
			);
			defaultConfigurationIsVisible = 0;
		};
/* End XCConfigurationList section */
	};
	rootObject = C3F3FEAA161A528400795628 /* Project object */;
}
